
Microsoft Visual Studio Solution File, Format Version 12.00
# Visual Studio Version 17
VisualStudioVersion = 17.7.34024.191
MinimumVisualStudioVersion = 10.0.40219.1
Project("{9A19103F-16F7-4668-BE54-9A1E7A4F7556}") = "MengerjakanGUI2", "MengerjakanGUI2.csproj", "{D3525B82-8552-4CB3-8814-04CC4043DA21}"
EndProject
Global
	GlobalSection(SolutionConfigurationPlatforms) = preSolution
		Debug|Any CPU = Debug|Any CPU
		Release|Any CPU = Release|Any CPU
	EndGlobalSection
	GlobalSection(ProjectConfigurationPlatforms) = postSolution
		{D3525B82-8552-4CB3-8814-04CC4043DA21}.Debug|Any CPU.ActiveCfg = Debug|Any CPU
		{D3525B82-8552-4CB3-8814-04CC4043DA21}.Debug|Any CPU.Build.0 = Debug|Any CPU
		{D3525B82-8552-4CB3-8814-04CC4043DA21}.Release|Any CPU.ActiveCfg = Release|Any CPU
		{D3525B82-8552-4CB3-8814-04CC4043DA21}.Release|Any CPU.Build.0 = Release|Any CPU
	EndGlobalSection
	GlobalSection(SolutionProperties) = preSolution
		HideSolutionNode = FALSE
	EndGlobalSection
	GlobalSection(ExtensibilityGlobals) = postSolution
		SolutionGuid = {ED15A098-B585-43B1-A694-05149626FD8A}
	EndGlobalSection
EndGlobal
